// !$*UTF8*$!
{
	archiveVersion = 1;
	classes = {
	};
	objectVersion = 55;
	objects = {

/* Begin PBXBuildFile section */
		41849F5428AEB8A700CD9D4B /* articlesView.swift in Sources */ = {isa = PBXBuildFile; fileRef = 41849F5328AEB8A700CD9D4B /* articlesView.swift */; };
		41C8A75E28AAD60D001AA314 /* IGN_CodeFooApp.swift in Sources */ = {isa = PBXBuildFile; fileRef = 41C8A75D28AAD60D001AA314 /* IGN_CodeFooApp.swift */; };
		41C8A76028AAD60D001AA314 /* homeView.swift in Sources */ = {isa = PBXBuildFile; fileRef = 41C8A75F28AAD60D001AA314 /* homeView.swift */; };
		41C8A76228AAD613001AA314 /* Assets.xcassets in Resources */ = {isa = PBXBuildFile; fileRef = 41C8A76128AAD613001AA314 /* Assets.xcassets */; };
		41C8A76528AAD613001AA314 /* Preview Assets.xcassets in Resources */ = {isa = PBXBuildFile; fileRef = 41C8A76428AAD613001AA314 /* Preview Assets.xcassets */; };
		41C8A76C28AC8417001AA314 /* videosView.swift in Sources */ = {isa = PBXBuildFile; fileRef = 41C8A76B28AC8416001AA314 /* videosView.swift */; };
		41C8A76E28ADA7A7001AA314 /* videoNetworkCall.swift in Sources */ = {isa = PBXBuildFile; fileRef = 41C8A76D28ADA7A7001AA314 /* videoNetworkCall.swift */; };
		41C8A77228AE9721001AA314 /* articlesNetworkCall.swift in Sources */ = {isa = PBXBuildFile; fileRef = 41C8A77128AE9721001AA314 /* articlesNetworkCall.swift */; };
/* End PBXBuildFile section */

/* Begin PBXFileReference section */
		41849F5328AEB8A700CD9D4B /* articlesView.swift */ = {isa = PBXFileReference; lastKnownFileType = sourcecode.swift; path = articlesView.swift; sourceTree = "<group>"; };
		41C8A75A28AAD60D001AA314 /* IGN_News_Feed.app */ = {isa = PBXFileReference; explicitFileType = wrapper.application; includeInIndex = 0; path = IGN_News_Feed.app; sourceTree = BUILT_PRODUCTS_DIR; };
		41C8A75D28AAD60D001AA314 /* IGN_CodeFooApp.swift */ = {isa = PBXFileReference; lastKnownFileType = sourcecode.swift; path = IGN_CodeFooApp.swift; sourceTree = "<group>"; };
		41C8A75F28AAD60D001AA314 /* homeView.swift */ = {isa = PBXFileReference; lastKnownFileType = sourcecode.swift; path = homeView.swift; sourceTree = "<group>"; };
		41C8A76128AAD613001AA314 /* Assets.xcassets */ = {isa = PBXFileReference; lastKnownFileType = folder.assetcatalog; path = Assets.xcassets; sourceTree = "<group>"; };
		41C8A76428AAD613001AA314 /* Preview Assets.xcassets */ = {isa = PBXFileReference; lastKnownFileType = folder.assetcatalog; path = "Preview Assets.xcassets"; sourceTree = "<group>"; };
		41C8A76B28AC8416001AA314 /* videosView.swift */ = {isa = PBXFileReference; lastKnownFileType = sourcecode.swift; path = videosView.swift; sourceTree = "<group>"; };
		41C8A76D28ADA7A7001AA314 /* videoNetworkCall.swift */ = {isa = PBXFileReference; lastKnownFileType = sourcecode.swift; path = videoNetworkCall.swift; sourceTree = "<group>"; };
		41C8A77128AE9721001AA314 /* articlesNetworkCall.swift */ = {isa = PBXFileReference; lastKnownFileType = sourcecode.swift; path = articlesNetworkCall.swift; sourceTree = "<group>"; };
/* End PBXFileReference section */

/* Begin PBXFrameworksBuildPhase section */
		41C8A75728AAD60D001AA314 /* Frameworks */ = {
			isa = PBXFrameworksBuildPhase;
			buildActionMask = 2147483647;
			files = (
			);
			runOnlyForDeploymentPostprocessing = 0;
		};
/* End PBXFrameworksBuildPhase section */

/* Begin PBXGroup section */
		41849F5528AEE0F700CD9D4B /* viewModels  */ = {
			isa = PBXGroup;
			children = (
				41C8A76D28ADA7A7001AA314 /* videoNetworkCall.swift */,
				41C8A77128AE9721001AA314 /* articlesNetworkCall.swift */,
			);
			path = "viewModels ";
			sourceTree = "<group>";
		};
		41849F5628AEE12600CD9D4B /* Views */ = {
			isa = PBXGroup;
			children = (
				41C8A75F28AAD60D001AA314 /* homeView.swift */,
				41C8A76B28AC8416001AA314 /* videosView.swift */,
				41849F5328AEB8A700CD9D4B /* articlesView.swift */,
			);
			path = Views;
			sourceTree = "<group>";
		};
		41C8A75128AAD60D001AA314 = {
			isa = PBXGroup;
			children = (
				41C8A75C28AAD60D001AA314 /* IGN_News_Feed */,
				41C8A75B28AAD60D001AA314 /* Products */,
			);
			sourceTree = "<group>";
		};
		41C8A75B28AAD60D001AA314 /* Products */ = {
			isa = PBXGroup;
			children = (
				41C8A75A28AAD60D001AA314 /* IGN_News_Feed.app */,
			);
			name = Products;
			sourceTree = "<group>";
		};
		41C8A75C28AAD60D001AA314 /* IGN_News_Feed */ = {
			isa = PBXGroup;
			children = (
				41C8A75D28AAD60D001AA314 /* IGN_CodeFooApp.swift */,
				41849F5628AEE12600CD9D4B /* Views */,
				41849F5528AEE0F700CD9D4B /* viewModels  */,
				41C8A76128AAD613001AA314 /* Assets.xcassets */,
				41C8A76328AAD613001AA314 /* Preview Content */,
			);
			path = IGN_News_Feed;
			sourceTree = "<group>";
		};
		41C8A76328AAD613001AA314 /* Preview Content */ = {
			isa = PBXGroup;
			children = (
				41C8A76428AAD613001AA314 /* Preview Assets.xcassets */,
			);
			path = "Preview Content";
			sourceTree = "<group>";
		};
/* End PBXGroup section */

/* Begin PBXNativeTarget section */
		41C8A75928AAD60D001AA314 /* IGN_News_Feed */ = {
			isa = PBXNativeTarget;
			buildConfigurationList = 41C8A76828AAD613001AA314 /* Build configuration list for PBXNativeTarget "IGN_News_Feed" */;
			buildPhases = (
				41C8A75628AAD60D001AA314 /* Sources */,
				41C8A75728AAD60D001AA314 /* Frameworks */,
				41C8A75828AAD60D001AA314 /* Resources */,
			);
			buildRules = (
			);
			dependencies = (
			);
			name = IGN_News_Feed;
			productName = IGN_CodeFoo;
			productReference = 41C8A75A28AAD60D001AA314 /* IGN_News_Feed.app */;
			productType = "com.apple.product-type.application";
		};
/* End PBXNativeTarget section */

/* Begin PBXProject section */
		41C8A75228AAD60D001AA314 /* Project object */ = {
			isa = PBXProject;
			attributes = {
				BuildIndependentTargetsInParallel = 1;
				LastSwiftUpdateCheck = 1340;
				LastUpgradeCheck = 1340;
				TargetAttributes = {
					41C8A75928AAD60D001AA314 = {
						CreatedOnToolsVersion = 13.4.1;
					};
				};
			};
			buildConfigurationList = 41C8A75528AAD60D001AA314 /* Build configuration list for PBXProject "IGN_News_Feed" */;
			compatibilityVersion = "Xcode 13.0";
			developmentRegion = en;
			hasScannedForEncodings = 0;
			knownRegions = (
				en,
				Base,
			);
			mainGroup = 41C8A75128AAD60D001AA314;
			productRefGroup = 41C8A75B28AAD60D001AA314 /* Products */;
			projectDirPath = "";
			projectRoot = "";
			targets = (
				41C8A75928AAD60D001AA314 /* IGN_News_Feed */,
			);
		};
/* End PBXProject section */

/* Begin PBXResourcesBuildPhase section */
		41C8A75828AAD60D001AA314 /* Resources */ = {
			isa = PBXResourcesBuildPhase;
			buildActionMask = 2147483647;
			files = (
				41C8A76528AAD613001AA314 /* Preview Assets.xcassets in Resources */,
				41C8A76228AAD613001AA314 /* Assets.xcassets in Resources */,
			);
			runOnlyForDeploymentPostprocessing = 0;
		};
/* End PBXResourcesBuildPhase section */

/* Begin PBXSourcesBuildPhase section */
		41C8A75628AAD60D001AA314 /* Sources */ = {
			isa = PBXSourcesBuildPhase;
			buildActionMask = 2147483647;
			files = (
				41849F5428AEB8A700CD9D4B /* articlesView.swift in Sources */,
				41C8A76C28AC8417001AA314 /* videosView.swift in Sources */,
				41C8A76028AAD60D001AA314 /* homeView.swift in Sources */,
				41C8A77228AE9721001AA314 /* articlesNetworkCall.swift in Sources */,
				41C8A76E28ADA7A7001AA314 /* videoNetworkCall.swift in Sources */,
				41C8A75E28AAD60D001AA314 /* IGN_CodeFooApp.swift in Sources */,
			);
			runOnlyForDeploymentPostprocessing = 0;
		};
/* End PBXSourcesBuildPhase section */

/* Begin XCBuildConfiguration section */
		41C8A76628AAD613001AA314 /* Debug */ = {
			isa = XCBuildConfiguration;
			buildSettings = {
				ALWAYS_SEARCH_USER_PATHS = NO;
				CLANG_ANALYZER_NONNULL = YES;
				CLANG_ANALYZER_NUMBER_OBJECT_CONVERSION = YES_AGGRESSIVE;
				CLANG_CXX_LANGUAGE_STANDARD = "gnu++17";
				CLANG_ENABLE_MODULES = YES;
				CLANG_ENABLE_OBJC_ARC = YES;
				CLANG_ENABLE_OBJC_WEAK = YES;
				CLANG_WARN_BLOCK_CAPTURE_AUTORELEASING = YES;
				CLANG_WARN_BOOL_CONVERSION = YES;
				CLANG_WARN_COMMA = YES;
				CLANG_WARN_CONSTANT_CONVERSION = YES;
				CLANG_WARN_DEPRECATED_OBJC_IMPLEMENTATIONS = YES;
				CLANG_WARN_DIRECT_OBJC_ISA_USAGE = YES_ERROR;
				CLANG_WARN_DOCUMENTATION_COMMENTS = YES;
				CLANG_WARN_EMPTY_BODY = YES;
				CLANG_WARN_ENUM_CONVERSION = YES;
				CLANG_WARN_INFINITE_RECURSION = YES;
				CLANG_WARN_INT_CONVERSION = YES;
				CLANG_WARN_NON_LITERAL_NULL_CONVERSION = YES;
				CLANG_WARN_OBJC_IMPLICIT_RETAIN_SELF = YES;
				CLANG_WARN_OBJC_LITERAL_CONVERSION = YES;
				CLANG_WARN_OBJC_ROOT_CLASS = YES_ERROR;
				CLANG_WARN_QUOTED_INCLUDE_IN_FRAMEWORK_HEADER = YES;
				CLANG_WARN_RANGE_LOOP_ANALYSIS = YES;
				CLANG_WARN_STRICT_PROTOTYPES = YES;
				CLANG_WARN_SUSPICIOUS_MOVE = YES;
				CLANG_WARN_UNGUARDED_AVAILABILITY = YES_AGGRESSIVE;
				CLANG_WARN_UNREACHABLE_CODE = YES;
				CLANG_WARN__DUPLICATE_METHOD_MATCH = YES;
				COPY_PHASE_STRIP = NO;
				DEBUG_INFORMATION_FORMAT = dwarf;
				ENABLE_STRICT_OBJC_MSGSEND = YES;
				ENABLE_TESTABILITY = YES;
				GCC_C_LANGUAGE_STANDARD = gnu11;
				GCC_DYNAMIC_NO_PIC = NO;
				GCC_NO_COMMON_BLOCKS = YES;
				GCC_OPTIMIZATION_LEVEL = 0;
				GCC_PREPROCESSOR_DEFINITIONS = (
					"DEBUG=1",
					"$(inherited)",
				);
				GCC_WARN_64_TO_32_BIT_CONVERSION = YES;
				GCC_WARN_ABOUT_RETURN_TYPE = YES_ERROR;
				GCC_WARN_UNDECLARED_SELECTOR = YES;
				GCC_WARN_UNINITIALIZED_AUTOS = YES_AGGRESSIVE;
				GCC_WARN_UNUSED_FUNCTION = YES;
				GCC_WARN_UNUSED_VARIABLE = YES;
				IPHONEOS_DEPLOYMENT_TARGET = 15.5;
				MTL_ENABLE_DEBUG_INFO = INCLUDE_SOURCE;
				MTL_FAST_MATH = YES;
				ONLY_ACTIVE_ARCH = YES;
				SDKROOT = iphoneos;
				SWIFT_ACTIVE_COMPILATION_CONDITIONS = DEBUG;
				SWIFT_OPTIMIZATION_LEVEL = "-Onone";
			};
			name = Debug;
		};
		41C8A76728AAD613001AA314 /* Release */ = {
			isa = XCBuildConfiguration;
			buildSettings = {
				ALWAYS_SEARCH_USER_PATHS = NO;
				CLANG_ANALYZER_NONNULL = YES;
				CLANG_ANALYZER_NUMBER_OBJECT_CONVERSION = YES_AGGRESSIVE;
				CLANG_CXX_LANGUAGE_STANDARD = "gnu++17";
				CLANG_ENABLE_MODULES = YES;
				CLANG_ENABLE_OBJC_ARC = YES;
				CLANG_ENABLE_OBJC_WEAK = YES;
				CLANG_WARN_BLOCK_CAPTURE_AUTORELEASING = YES;
				CLANG_WARN_BOOL_CONVERSION = YES;
				CLANG_WARN_COMMA = YES;
				CLANG_WARN_CONSTANT_CONVERSION = YES;
				CLANG_WARN_DEPRECATED_OBJC_IMPLEMENTATIONS = YES;
				CLANG_WARN_DIRECT_OBJC_ISA_USAGE = YES_ERROR;
				CLANG_WARN_DOCUMENTATION_COMMENTS = YES;
				CLANG_WARN_EMPTY_BODY = YES;
				CLANG_WARN_ENUM_CONVERSION = YES;
				CLANG_WARN_INFINITE_RECURSION = YES;
				CLANG_WARN_INT_CONVERSION = YES;
				CLANG_WARN_NON_LITERAL_NULL_CONVERSION = YES;
				CLANG_WARN_OBJC_IMPLICIT_RETAIN_SELF = YES;
				CLANG_WARN_OBJC_LITERAL_CONVERSION = YES;
				CLANG_WARN_OBJC_ROOT_CLASS = YES_ERROR;
				CLANG_WARN_QUOTED_INCLUDE_IN_FRAMEWORK_HEADER = YES;
				CLANG_WARN_RANGE_LOOP_ANALYSIS = YES;
				CLANG_WARN_STRICT_PROTOTYPES = YES;
				CLANG_WARN_SUSPICIOUS_MOVE = YES;
				CLANG_WARN_UNGUARDED_AVAILABILITY = YES_AGGRESSIVE;
				CLANG_WARN_UNREACHABLE_CODE = YES;
				CLANG_WARN__DUPLICATE_METHOD_MATCH = YES;
				COPY_PHASE_STRIP = NO;
				DEBUG_INFORMATION_FORMAT = "dwarf-with-dsym";
				ENABLE_NS_ASSERTIONS = NO;
				ENABLE_STRICT_OBJC_MSGSEND = YES;
				GCC_C_LANGUAGE_STANDARD = gnu11;
				GCC_NO_COMMON_BLOCKS = YES;
				GCC_WARN_64_TO_32_BIT_CONVERSION = YES;
				GCC_WARN_ABOUT_RETURN_TYPE = YES_ERROR;
				GCC_WARN_UNDECLARED_SELECTOR = YES;
				GCC_WARN_UNINITIALIZED_AUTOS = YES_AGGRESSIVE;
				GCC_WARN_UNUSED_FUNCTION = YES;
				GCC_WARN_UNUSED_VARIABLE = YES;
				IPHONEOS_DEPLOYMENT_TARGET = 15.5;
				MTL_ENABLE_DEBUG_INFO = NO;
				MTL_FAST_MATH = YES;
				SDKROOT = iphoneos;
				SWIFT_COMPILATION_MODE = wholemodule;
				SWIFT_OPTIMIZATION_LEVEL = "-O";
				VALIDATE_PRODUCT = YES;
			};
			name = Release;
		};
		41C8A76928AAD613001AA314 /* Debug */ = {
			isa = XCBuildConfiguration;
			buildSettings = {
				ASSETCATALOG_COMPILER_APPICON_NAME = AppIcon;
				ASSETCATALOG_COMPILER_GLOBAL_ACCENT_COLOR_NAME = AccentColor;
				CODE_SIGN_STYLE = Automatic;
				CURRENT_PROJECT_VERSION = 1;
				DEVELOPMENT_ASSET_PATHS = "\"IGN_News_Feed/Preview Content\"";
				DEVELOPMENT_TEAM = 5UFQ6S5239;
				ENABLE_PREVIEWS = YES;
				GENERATE_INFOPLIST_FILE = YES;
				INFOPLIST_KEY_UIApplicationSceneManifest_Generation = YES;
				INFOPLIST_KEY_UIApplicationSupportsIndirectInputEvents = YES;
				INFOPLIST_KEY_UILaunchScreen_Generation = YES;
				INFOPLIST_KEY_UISupportedInterfaceOrientations_iPad = "UIInterfaceOrientationPortrait UIInterfaceOrientationPortraitUpsideDown UIInterfaceOrientationLandscapeLeft UIInterfaceOrientationLandscapeRight";
				INFOPLIST_KEY_UISupportedInterfaceOrientations_iPhone = "UIInterfaceOrientationPortrait UIInterfaceOrientationLandscapeLeft UIInterfaceOrientationLandscapeRight";
				LD_RUNPATH_SEARCH_PATHS = (
					"$(inherited)",
					"@executable_path/Frameworks",
				);
				MARKETING_VERSION = 1.0;
				PRODUCT_BUNDLE_IDENTIFIER = "angy.IGN-CodeFoo";
				PRODUCT_NAME = IGN_News_Feed;
				SWIFT_EMIT_LOC_STRINGS = YES;
				SWIFT_VERSION = 5.0;
				TARGETED_DEVICE_FAMILY = "1,2";
			};
			name = Debug;
		};
		41C8A76A28AAD613001AA314 /* Release */ = {
			isa = XCBuildConfiguration;
			buildSettings = {
				ASSETCATALOG_COMPILER_APPICON_NAME = AppIcon;
				ASSETCATALOG_COMPILER_GLOBAL_ACCENT_COLOR_NAME = AccentColor;
				CODE_SIGN_STYLE = Automatic;
				CURRENT_PROJECT_VERSION = 1;
				DEVELOPMENT_ASSET_PATHS = "\"IGN_News_Feed/Preview Content\"";
				DEVELOPMENT_TEAM = 5UFQ6S5239;
				ENABLE_PREVIEWS = YES;
				GENERATE_INFOPLIST_FILE = YES;
				INFOPLIST_KEY_UIApplicationSceneManifest_Generation = YES;
				INFOPLIST_KEY_UIApplicationSupportsIndirectInputEvents = YES;
				INFOPLIST_KEY_UILaunchScreen_Generation = YES;
				INFOPLIST_KEY_UISupportedInterfaceOrientations_iPad = "UIInterfaceOrientationPortrait UIInterfaceOrientationPortraitUpsideDown UIInterfaceOrientationLandscapeLeft UIInterfaceOrientationLandscapeRight";
				INFOPLIST_KEY_UISupportedInterfaceOrientations_iPhone = "UIInterfaceOrientationPortrait UIInterfaceOrientationLandscapeLeft UIInterfaceOrientationLandscapeRight";
				LD_RUNPATH_SEARCH_PATHS = (
					"$(inherited)",
					"@executable_path/Frameworks",
				);
				MARKETING_VERSION = 1.0;
				PRODUCT_BUNDLE_IDENTIFIER = "angy.IGN-CodeFoo";
				PRODUCT_NAME = IGN_News_Feed;
				SWIFT_EMIT_LOC_STRINGS = YES;
				SWIFT_VERSION = 5.0;
				TARGETED_DEVICE_FAMILY = "1,2";
			};
			name = Release;
		};
/* End XCBuildConfiguration section */

/* Begin XCConfigurationList section */
		41C8A75528AAD60D001AA314 /* Build configuration list for PBXProject "IGN_News_Feed" */ = {
			isa = XCConfigurationList;
			buildConfigurations = (
				41C8A76628AAD613001AA314 /* Debug */,
				41C8A76728AAD613001AA314 /* Release */,
			);
			defaultConfigurationIsVisible = 0;
			defaultConfigurationName = Release;
		};
		41C8A76828AAD613001AA314 /* Build configuration list for PBXNativeTarget "IGN_News_Feed" */ = {
			isa = XCConfigurationList;
			buildConfigurations = (
				41C8A76928AAD613001AA314 /* Debug */,
				41C8A76A28AAD613001AA314 /* Release */,
			);
			defaultConfigurationIsVisible = 0;
			defaultConfigurationName = Release;
		};
/* End XCConfigurationList section */
	};
	rootObject = 41C8A75228AAD60D001AA314 /* Project object */;
}
